{
    "_meta": {
        "hash": {
            "sha256": "44b1098415f939d1f416459b5f3a861e5a42116e07eb70f073f7e1ed1f21e102"
        },
        "pipfile-spec": 6,
        "requires": {
            "python_version": "3"
        },
        "sources": [
            {
                "name": "pypi",
                "url": "https://pypi.org/simple",
                "verify_ssl": true
            }
        ]
    },
    "default": {
        "certifi": {
            "hashes": [
                "sha256:35824b4c3a97115964b408844d64aa14db1cc518f6562e8d7261699d1350a9e3",
                "sha256:4ad3232f5e926d6718ec31cfc1fcadfde020920e278684144551c91769c7bc18"
            ],
            "markers": "python_version >= '3.6'",
            "version": "==2022.12.7"
        },
        "influxdb-client": {
            "hashes": [
                "sha256:602c67eec6e5725d4ee2e3c6baf65076acf27ac1b7780141dc23433f3929303c",
                "sha256:f4860579b0012c42610d18e564c1773368f8d64fb55e4d9bc717a8f9bf17f5cd"
            ],
            "index": "pypi",
            "version": "==1.9.0"
        },
        "nats-py": {
            "hashes": [
                "sha256:e849ec9099ead4fc1ebc92f254c93753092c19d8c3c1031181b9ac612d232a12"
            ],
            "index": "pypi",
            "version": "==2.1.0"
        },
        "protobuf": {
            "hashes": [
                "sha256:03d76b7bd42ac4a6e109742a4edf81ffe26ffd87c5993126d894fe48a120396a",
                "sha256:09e25909c4297d71d97612f04f41cea8fa8510096864f2835ad2f3b3df5a5559",
                "sha256:18e34a10ae10d458b027d7638a599c964b030c1739ebd035a1dfc0e22baa3bfe",
                "sha256:291fb4307094bf5ccc29f424b42268640e00d5240bf0d9b86bf3079f7576474d",
                "sha256:2c0b040d0b5d5d207936ca2d02f00f765906622c07d3fa19c23a16a8ca71873f",
                "sha256:384164994727f274cc34b8abd41a9e7e0562801361ee77437099ff6dfedd024b",
                "sha256:3cb608e5a0eb61b8e00fe641d9f0282cd0eedb603be372f91f163cbfbca0ded0",
                "sha256:5d9402bf27d11e37801d1743eada54372f986a372ec9679673bfcc5c60441151",
                "sha256:712dca319eee507a1e7df3591e639a2b112a2f4a62d40fe7832a16fd19151750",
                "sha256:7a5037af4e76c975b88c3becdf53922b5ffa3f2cddf657574a4920a3b33b80f3",
                "sha256:8228e56a865c27163d5d1d1771d94b98194aa6917bcfb6ce139cbfa8e3c27334",
                "sha256:84a1544252a933ef07bb0b5ef13afe7c36232a774affa673fc3636f7cee1db6c",
                "sha256:84fe5953b18a383fd4495d375fe16e1e55e0a3afe7b4f7b4d01a3a0649fcda9d",
                "sha256:9c673c8bfdf52f903081816b9e0e612186684f4eb4c17eeb729133022d6032e3",
                "sha256:a9e5ae5a8e8985c67e8944c23035a0dff2c26b0f5070b2f55b217a1c33bbe8b1",
                "sha256:b4fdb29c5a7406e3f7ef176b2a7079baa68b5b854f364c21abe327bbeec01cdb",
                "sha256:c184485e0dfba4dfd451c3bd348c2e685d6523543a0f91b9fd4ae90eb09e8422",
                "sha256:c9cdf251c582c16fd6a9f5e95836c90828d51b0069ad22f463761d27c6c19019",
                "sha256:e39cf61bb8582bda88cdfebc0db163b774e7e03364bbf9ce1ead13863e81e359",
                "sha256:e8fbc522303e09036c752a0afcc5c0603e917222d8bedc02813fd73b4b4ed804",
                "sha256:f34464ab1207114e73bba0794d1257c150a2b89b7a9faf504e00af7c9fd58978",
                "sha256:f52dabc96ca99ebd2169dadbe018824ebda08a795c7684a0b7d203a290f3adb0"
            ],
            "index": "pypi",
            "version": "==3.20.2"
        },
        "pymongo": {
            "hashes": [
                "sha256:03be7ad107d252bb7325d4af6309fdd2c025d08854d35f0e7abc8bf048f4245e",
                "sha256:071552b065e809d24c5653fcc14968cfd6fde4e279408640d5ac58e3353a3c5f",
                "sha256:08b8723248730599c9803ae4c97b8f3f76c55219104303c88cb962a31e3bb5ee",
                "sha256:08bda7b2c522ff9f1e554570da16298271ebb0c56ab9699446aacba249008988",
                "sha256:0aaf4d44f1f819360f9432df538d54bbf850f18152f34e20337c01b828479171",
                "sha256:0cabfc297f4cf921f15bc789a8fbfd7115eb9f813d3f47a74b609894bc66ab0d",
                "sha256:13acf6164ead81c9fc2afa0e1ea6d6134352973ce2bb35496834fee057063c04",
                "sha256:15b083d1b789b230e5ac284442d9ecb113c93f3785a6824f748befaab803b812",
                "sha256:161fcd3281c42f644aa8dec7753cca2af03ce654e17d76da4f0dab34a12480ca",
                "sha256:1a994a42f49dab5b6287e499be7d3d2751776486229980d8857ad53b8333d469",
                "sha256:20d75ea11527331a2980ab04762a9d960bcfea9475c54bbeab777af880de61cd",
                "sha256:225c61e08fe517aede7912937939e09adf086c8e6f7e40d4c85ad678c2c2aea3",
                "sha256:3135dd574ef1286189f3f04a36c8b7a256376914f8cbbce66b94f13125ded858",
                "sha256:3491c7de09e44eded16824cb58cf9b5cc1dc6f066a0bb7aa69929d02aa53b828",
                "sha256:3551912f5c34d8dd7c32c6bb00ae04192af47f7b9f653608f107d19c1a21a194",
                "sha256:38a7b5140a48fc91681cdb5cb95b7cd64640b43d19259fdd707fa9d5a715f2b2",
                "sha256:3a3498a8326111221560e930f198b495ea6926937e249f475052ffc6893a6680",
                "sha256:3bfc7689a1bacb9bcd2f2d5185d99507aa29f667a58dd8adaa43b5a348139e46",
                "sha256:421d13523d11c57f57f257152bc4a6bb463aadf7a3918e9c96fefdd6be8dbfb8",
                "sha256:424799c71ff435094e5fb823c40eebb4500f0e048133311e9c026467e8ccebac",
                "sha256:474e21d0e07cd09679e357d1dac76e570dab86665e79a9d3354b10a279ac6fb3",
                "sha256:4c7e8c8e1e1918dcf6a652ac4b9d87164587c26fd2ce5dd81e73a5ab3b3d492f",
                "sha256:506a6dab4c7ffdcacdf0b8e70bd20eb2e77fa994519547c9d88d676400fcad58",
                "sha256:510cd3bfabb63a07405b7b79fae63127e34c118b7531a2cbbafc7a24fd878594",
                "sha256:517ba47ca04a55b1f50ee8df9fd97f6c37df5537d118fb2718952b8623860466",
                "sha256:539d4cb1b16b57026999c53e5aab857fe706e70ae5310cc8c232479923f932e6",
                "sha256:5c36428cc4f7fae56354db7f46677fd21222fc3cb1e8829549b851172033e043",
                "sha256:5db59223ed1e634d842a053325f85f908359c6dac9c8ddce8ef145061fae7df8",
                "sha256:5e606846c049ed40940524057bfdf1105af6066688c0e6a1a3ce2038589bae70",
                "sha256:6060794aac9f7b0644b299f46a9c6cbc0bc470bd01572f4134df140afd41ded6",
                "sha256:62c29bc36a6d9be68fe7b5aaf1e120b4aa66a958d1e146601fcd583eb12cae7b",
                "sha256:73326b211e7410c8bd6a74500b1e3f392f39cf10862e243d00937e924f112c01",
                "sha256:78f07961f4f214ea8e80be63cffd5cc158eb06cd922ffbf6c7155b11728f28f9",
                "sha256:7c97554ea521f898753d9773891d0347ebfaddcc1dee2ad94850b163171bf1f1",
                "sha256:8898f6699f740ca93a0879ed07d8e6db02d68af889d0ebb3d13ab017e6b1af1e",
                "sha256:8a41fdc751dc4707a4fafb111c442411816a7c225ebb5cadb57599534b5d5372",
                "sha256:8e0004b0393d72d76de94b4792a006cb960c1c65c7659930fbf9a81ce4341982",
                "sha256:977b1d4f868986b4ba5d03c317fde4d3b66e687d74473130cd598e3103db34fa",
                "sha256:9a4f6e0b01df820ba9ed0b4e618ca83a1c089e48d4f268d0e00dcd49893d4549",
                "sha256:9b9298964389c180a063a9e8bac8a80ed42de11d04166b20249bfa0a489e0e0f",
                "sha256:a08c8b322b671857c81f4c30cd3c8df2895fd3c0e9358714f39e0ef8fb327702",
                "sha256:ad31f184dcd3271de26ab1f9c51574afb99e1b0e484ab1da3641256b723e4994",
                "sha256:aff3656af2add93f290731a6b8930b23b35c0c09569150130a58192b3ec6fc61",
                "sha256:b2f41261b648cf5dee425f37ff14f4ad151c2f24b827052b402637158fd056ef",
                "sha256:b413117210fa6d92664c3d860571e8e8727c3e8f2ff197276c5d0cb365abd3ad",
                "sha256:b7efc7e7049ef366777cfd35437c18a4166bb50a5606a1c840ee3b9624b54fc9",
                "sha256:b8f94acd52e530a38f25e4d5bf7ddfdd4bea9193e718f58419def0d4406b58d3",
                "sha256:d0a70151d7de8a3194cdc906bcc1a42e14594787c64b0c1c9c975e5a2af3e251",
                "sha256:d360e5d5dd3d55bf5d1776964625018d85b937d1032bae1926dd52253decd0db",
                "sha256:d4e62417e89b717a7bcd8576ac3108cd063225942cc91c5b37ff5465fdccd386",
                "sha256:d65bac5f6724d9ea6f0b5a0f0e4952fbbf209adcf6b5583b54c54bd2fcd74dc0",
                "sha256:e02beaab433fd1104b2804f909e694cfbdb6578020740a9051597adc1cd4e19f",
                "sha256:e4b631688dfbdd61b5610e20b64b99d25771c6d52d9da73349342d2a0f11c46a",
                "sha256:e4e9db78b71db2b1684ee4ecc3e32c4600f18cdf76e6b9ae03e338e52ee4b168",
                "sha256:eb4d176394c37a76e8b0afe54b12d58614a67a60a7f8c0dd3a5afbb013c01092",
                "sha256:f08665d3cc5abc2f770f472a9b5f720a9b3ab0b8b3bb97c7c1487515e5653d39",
                "sha256:f3d851af3852f16ad4adc7ee054fd9c90a7a5063de94d815b7f6a88477b9f4c6",
                "sha256:f4ba58157e8ae33ee86fadf9062c506e535afd904f07f9be32731f4410a23b7f",
                "sha256:f664ed7613b8b18f0ce5696b146776266a038c19c5cd6efffa08ecc189b01b73",
                "sha256:f947b359cc4769af8b49be7e37af01f05fcf15b401da2528021148e4a54426d1",
                "sha256:fe4189846448df013cd9df11bba38ddf78043f8c290a9f06430732a7a8601cce",
                "sha256:fea5cb1c63efe1399f0812532c7cf65458d38fd011be350bc5021dfcac39fba8",
                "sha256:fedf0dee7a412ca6d1d6d92c158fe9cbaa8ea0cae90d268f9ccc0744de7a97d0",
                "sha256:fffff7bfb6799a763d3742c59c6ee7ffadda21abed557637bc44ed1080876484"
            ],
            "index": "pypi",
            "version": "==3.11.4"
        },
        "python-dateutil": {
            "hashes": [
                "sha256:0123cacc1627ae19ddf3c27a5de5bd67ee4586fbdd6440d9748f8abb483d3e86",
                "sha256:961d03dc3453ebbc59dbdea9e4e11c5651520a876d0f4db161e8674aae935da9"
            ],
            "markers": "python_version >= '2.7' and python_version not in '3.0, 3.1, 3.2, 3.3'",
            "version": "==2.8.2"
        },
        "pytz": {
            "hashes": [
                "sha256:01a0681c4b9684a28304615eba55d1ab31ae00bf68ec157ec3708a8182dbbcd0",
                "sha256:78f4f37d8198e0627c5f1143240bb0206b8691d8d7ac6d78fee88b78733f8c4a"
            ],
            "version": "==2022.7.1"
        },
        "rx": {
            "hashes": [
                "sha256:922c5f4edb3aa1beaa47bf61d65d5380011ff6adcd527f26377d05cb73ed8ec8",
                "sha256:b657ca2b45aa485da2f7dcfd09fac2e554f7ac51ff3c2f8f2ff962ecd963d91c"
            ],
            "markers": "python_version >= '3.6'",
            "version": "==3.2.0"
        },
        "setuptools": {
            "hashes": [
                "sha256:2ee892cd5f29f3373097f5a814697e397cf3ce313616df0af11231e2ad118077",
                "sha256:b78aaa36f6b90a074c1fa651168723acbf45d14cb1196b6f02c0fd07f17623b2"
            ],
            "markers": "python_version >= '3.7'",
            "version": "==67.6.0"
        },
        "six": {
            "hashes": [
                "sha256:1e61c37477a1626458e36f7b1d82aa5c9b094fa4802892072e49de9c60c4c926",
                "sha256:8abb2f1d86890a2dfb989f9a77cfcfd3e47c2a354b01111771326f8aa26e0254"
            ],
            "markers": "python_version >= '2.7' and python_version not in '3.0, 3.1, 3.2, 3.3'",
            "version": "==1.16.0"
        },
        "urllib3": {
            "hashes": [
                "sha256:db93f543bdff5ca96a0f1133028b7f50dc998a0c78df75dd08dfc37fafcaa520",
                "sha256:e9a0f2b78aacde2bfa9146c01558685c3fdc0d73e8846884e95360bd6a67b151"
            ],
            "markers": "python_version >= '3.7'",
            "version": "==2.0.0a3"
        }
    },
    "develop": {
        "appdirs": {
            "hashes": [
                "sha256:7d5d0167b2b1ba821647616af46a749d1c653740dd0d2415100fe26e27afdf41",
                "sha256:a841dacd6b99318a741b166adb07e19ee71a274450e68237b4650ca1055ab128"
            ],
            "version": "==1.4.4"
        },
        "astroid": {
            "hashes": [
                "sha256:4db03ab5fc3340cf619dbc25e42c2cc3755154ce6009469766d7143d1fc2ee4e",
                "sha256:8a398dfce302c13f14bab13e2b14fe385d32b73f4e4853b9bdfb64598baa1975"
            ],
            "markers": "python_version ~= '3.6'",
            "version": "==2.5.6"
        },
        "attrs": {
            "hashes": [
                "sha256:29e95c7f6778868dbd49170f98f8818f78f3dc5e0e37c0b1f474e3561b240836",
                "sha256:c9227bfc2f01993c03f68db37d1d15c9690188323c067c641f1a35ca58185f99"
            ],
            "markers": "python_version >= '3.6'",
            "version": "==22.2.0"
        },
        "black": {
            "hashes": [
                "sha256:1fc0e0a2c8ae7d269dfcf0c60a89afa299664f3e811395d40b1922dff8f854b5",
                "sha256:e5cf21ebdffc7a9b29d73912b6a6a9a4df4ce70220d523c21647da2eae0751ef"
            ],
            "index": "pypi",
            "version": "==21.5b2"
        },
        "click": {
            "hashes": [
                "sha256:7682dc8afb30297001674575ea00d1814d808d6a36af415a82bd481d37ba7b8e",
                "sha256:bb4d8133cb15a609f44e8213d9b391b0809795062913b383c62be0ee95b1db48"
            ],
            "markers": "python_version >= '3.7'",
            "version": "==8.1.3"
        },
        "coverage": {
            "extras": [
                "toml"
            ],
            "hashes": [
                "sha256:0339dc3237c0d31c3b574f19c57985fcbe494280153bbcad33f2cdf469f4ac3e",
                "sha256:09643fb0df8e29f7417adc3f40aaf379d071ee8f0350ab290517c7004f05360b",
                "sha256:0bd7e628f6c3ec4e7d2d24ec0e50aae4e5ae95ea644e849d92ae4805650b4c4e",
                "sha256:0cf557827be7eca1c38a2480484d706693e7bb1929e129785fe59ec155a59de6",
                "sha256:0f8318ed0f3c376cfad8d3520f496946977abde080439d6689d7799791457454",
                "sha256:1b7fb13850ecb29b62a447ac3516c777b0e7a09ecb0f4bb6718a8654c87dfc80",
                "sha256:22c308bc508372576ffa3d2dbc4824bb70d28eeb4fcd79d4d1aed663a06630d0",
                "sha256:3004765bca3acd9e015794e5c2f0c9a05587f5e698127ff95e9cfba0d3f29339",
                "sha256:3a209d512d157379cc9ab697cbdbb4cfd18daa3e7eebaa84c3d20b6af0037384",
                "sha256:436313d129db7cf5b4ac355dd2bd3f7c7e5294af077b090b85de75f8458b8616",
                "sha256:49567ec91fc5e0b15356da07a2feabb421d62f52a9fff4b1ec40e9e19772f5f8",
                "sha256:4dd34a935de268a133e4741827ae951283a28c0125ddcdbcbba41c4b98f2dfef",
                "sha256:570c21a29493b350f591a4b04c158ce1601e8d18bdcd21db136fbb135d75efa6",
                "sha256:5928b85416a388dd557ddc006425b0c37e8468bd1c3dc118c1a3de42f59e2a54",
                "sha256:5d2b9b5e70a21474c105a133ba227c61bc95f2ac3b66861143ce39a5ea4b3f84",
                "sha256:617a94ada56bbfe547aa8d1b1a2b8299e2ec1ba14aac1d4b26a9f7d6158e1273",
                "sha256:6a034480e9ebd4e83d1aa0453fd78986414b5d237aea89a8fdc35d330aa13bae",
                "sha256:6fce673f79a0e017a4dc35e18dc7bb90bf6d307c67a11ad5e61ca8d42b87cbff",
                "sha256:78d2c3dde4c0b9be4b02067185136b7ee4681978228ad5ec1278fa74f5ca3e99",
                "sha256:7f099da6958ddfa2ed84bddea7515cb248583292e16bb9231d151cd528eab657",
                "sha256:80559eaf6c15ce3da10edb7977a1548b393db36cbc6cf417633eca05d84dd1ed",
                "sha256:834c2172edff5a08d78e2f53cf5e7164aacabeb66b369f76e7bb367ca4e2d993",
                "sha256:861cc85dfbf55a7a768443d90a07e0ac5207704a9f97a8eb753292a7fcbdfcfc",
                "sha256:8649371570551d2fd7dee22cfbf0b61f1747cdfb2b7587bb551e4beaaa44cb97",
                "sha256:87dc37f16fb5e3a28429e094145bf7c1753e32bb50f662722e378c5851f7fdc6",
                "sha256:8a6450da4c7afc4534305b2b7d8650131e130610cea448ff240b6ab73d7eab63",
                "sha256:8d3843ca645f62c426c3d272902b9de90558e9886f15ddf5efe757b12dd376f5",
                "sha256:8dca3c1706670297851bca1acff9618455122246bdae623be31eca744ade05ec",
                "sha256:97a3189e019d27e914ecf5c5247ea9f13261d22c3bb0cfcfd2a9b179bb36f8b1",
                "sha256:99f4dd81b2bb8fc67c3da68b1f5ee1650aca06faa585cbc6818dbf67893c6d58",
                "sha256:9e872b082b32065ac2834149dc0adc2a2e6d8203080501e1e3c3c77851b466f9",
                "sha256:a81dbcf6c6c877986083d00b834ac1e84b375220207a059ad45d12f6e518a4e3",
                "sha256:abacd0a738e71b20e224861bc87e819ef46fedba2fb01bc1af83dfd122e9c319",
                "sha256:ae82c988954722fa07ec5045c57b6d55bc1a0890defb57cf4a712ced65b26ddd",
                "sha256:b0c0d46de5dd97f6c2d1b560bf0fcf0215658097b604f1840365296302a9d1fb",
                "sha256:b1991a6d64231a3e5bbe3099fb0dd7c9aeaa4275ad0e0aeff4cb9ef885c62ba2",
                "sha256:b2167d116309f564af56f9aa5e75ef710ef871c5f9b313a83050035097b56820",
                "sha256:bd5a12239c0006252244f94863f1c518ac256160cd316ea5c47fb1a11b25889a",
                "sha256:bdd3f2f285ddcf2e75174248b2406189261a79e7fedee2ceeadc76219b6faa0e",
                "sha256:c77f2a9093ccf329dd523a9b2b3c854c20d2a3d968b6def3b820272ca6732242",
                "sha256:cb5f152fb14857cbe7f3e8c9a5d98979c4c66319a33cad6e617f0067c9accdc4",
                "sha256:cca7c0b7f5881dfe0291ef09ba7bb1582cb92ab0aeffd8afb00c700bf692415a",
                "sha256:d2ef6cae70168815ed91388948b5f4fcc69681480a0061114db737f957719f03",
                "sha256:d9256d4c60c4bbfec92721b51579c50f9e5062c21c12bec56b55292464873508",
                "sha256:e191a63a05851f8bce77bc875e75457f9b01d42843f8bd7feed2fc26bbe60833",
                "sha256:e2b50ebc2b6121edf352336d503357321b9d8738bb7a72d06fc56153fd3f4cd8",
                "sha256:e3ea04b23b114572b98a88c85379e9e9ae031272ba1fb9b532aa934c621626d4",
                "sha256:e4d70c853f0546855f027890b77854508bdb4d6a81242a9d804482e667fff6e6",
                "sha256:f29351393eb05e6326f044a7b45ed8e38cb4dcc38570d12791f271399dc41431",
                "sha256:f3d07edb912a978915576a776756069dede66d012baa503022d3a0adba1b6afa",
                "sha256:fac6343bae03b176e9b58104a9810df3cdccd5cfed19f99adfa807ffbf43cf9b"
            ],
            "markers": "python_version >= '3.7'",
            "version": "==7.2.1"
        },
        "flake8": {
            "hashes": [
                "sha256:07528381786f2a6237b061f6e96610a4167b226cb926e2aa2b6b1d78057c576b",
                "sha256:bf8fd333346d844f616e8d47905ef3a3384edae6b4e9beb0c5101e25e3110907"
            ],
            "index": "pypi",
            "version": "==3.9.2"
        },
        "freezegun": {
            "hashes": [
                "sha256:cd22d1ba06941384410cd967d8a99d5ae2442f57dfafeff2fda5de8dc5c05446",
                "sha256:ea1b963b993cb9ea195adbd893a48d573fda951b0da64f60883d7e988b606c9f"
            ],
            "index": "pypi",
            "version": "==1.2.2"
        },
        "iniconfig": {
            "hashes": [
                "sha256:2d91e135bf72d31a410b17c16da610a82cb55f6b0477d1a902134b24a455b8b3",
                "sha256:b6a85871a79d2e3b22d2d1b94ac2824226a63c6b741c88f7ae975f18b6778374"
            ],
            "markers": "python_version >= '3.7'",
            "version": "==2.0.0"
        },
        "isort": {
            "hashes": [
                "sha256:8bef7dde241278824a6d83f44a544709b065191b95b6e50894bdc722fcba0504",
                "sha256:f84c2818376e66cf843d497486ea8fed8700b340f308f076c6fb1229dff318b6"
            ],
            "markers": "python_full_version >= '3.8.0'",
            "version": "==5.12.0"
        },
        "lazy-object-proxy": {
            "hashes": [
                "sha256:09763491ce220c0299688940f8dc2c5d05fd1f45af1e42e636b2e8b2303e4382",
                "sha256:0a891e4e41b54fd5b8313b96399f8b0e173bbbfc03c7631f01efbe29bb0bcf82",
                "sha256:189bbd5d41ae7a498397287c408617fe5c48633e7755287b21d741f7db2706a9",
                "sha256:18b78ec83edbbeb69efdc0e9c1cb41a3b1b1ed11ddd8ded602464c3fc6020494",
                "sha256:1aa3de4088c89a1b69f8ec0dcc169aa725b0ff017899ac568fe44ddc1396df46",
                "sha256:212774e4dfa851e74d393a2370871e174d7ff0ebc980907723bb67d25c8a7c30",
                "sha256:2d0daa332786cf3bb49e10dc6a17a52f6a8f9601b4cf5c295a4f85854d61de63",
                "sha256:5f83ac4d83ef0ab017683d715ed356e30dd48a93746309c8f3517e1287523ef4",
                "sha256:659fb5809fa4629b8a1ac5106f669cfc7bef26fbb389dda53b3e010d1ac4ebae",
                "sha256:660c94ea760b3ce47d1855a30984c78327500493d396eac4dfd8bd82041b22be",
                "sha256:66a3de4a3ec06cd8af3f61b8e1ec67614fbb7c995d02fa224813cb7afefee701",
                "sha256:721532711daa7db0d8b779b0bb0318fa87af1c10d7fe5e52ef30f8eff254d0cd",
                "sha256:7322c3d6f1766d4ef1e51a465f47955f1e8123caee67dd641e67d539a534d006",
                "sha256:79a31b086e7e68b24b99b23d57723ef7e2c6d81ed21007b6281ebcd1688acb0a",
                "sha256:81fc4d08b062b535d95c9ea70dbe8a335c45c04029878e62d744bdced5141586",
                "sha256:8fa02eaab317b1e9e03f69aab1f91e120e7899b392c4fc19807a8278a07a97e8",
                "sha256:9090d8e53235aa280fc9239a86ae3ea8ac58eff66a705fa6aa2ec4968b95c821",
                "sha256:946d27deaff6cf8452ed0dba83ba38839a87f4f7a9732e8f9fd4107b21e6ff07",
                "sha256:9990d8e71b9f6488e91ad25f322898c136b008d87bf852ff65391b004da5e17b",
                "sha256:9cd077f3d04a58e83d04b20e334f678c2b0ff9879b9375ed107d5d07ff160171",
                "sha256:9e7551208b2aded9c1447453ee366f1c4070602b3d932ace044715d89666899b",
                "sha256:9f5fa4a61ce2438267163891961cfd5e32ec97a2c444e5b842d574251ade27d2",
                "sha256:b40387277b0ed2d0602b8293b94d7257e17d1479e257b4de114ea11a8cb7f2d7",
                "sha256:bfb38f9ffb53b942f2b5954e0f610f1e721ccebe9cce9025a38c8ccf4a5183a4",
                "sha256:cbf9b082426036e19c6924a9ce90c740a9861e2bdc27a4834fd0a910742ac1e8",
                "sha256:d9e25ef10a39e8afe59a5c348a4dbf29b4868ab76269f81ce1674494e2565a6e",
                "sha256:db1c1722726f47e10e0b5fdbf15ac3b8adb58c091d12b3ab713965795036985f",
                "sha256:e7c21c95cae3c05c14aafffe2865bbd5e377cfc1348c4f7751d9dc9a48ca4bda",
                "sha256:e8c6cfb338b133fbdbc5cfaa10fe3c6aeea827db80c978dbd13bc9dd8526b7d4",
                "sha256:ea806fd4c37bf7e7ad82537b0757999264d5f70c45468447bb2b91afdbe73a6e",
                "sha256:edd20c5a55acb67c7ed471fa2b5fb66cb17f61430b7a6b9c3b4a1e40293b1671",
                "sha256:f0117049dd1d5635bbff65444496c90e0baa48ea405125c088e93d9cf4525b11",
                "sha256:f0705c376533ed2a9e5e97aacdbfe04cecd71e0aa84c7c0595d02ef93b6e4455",
                "sha256:f12ad7126ae0c98d601a7ee504c1122bcef553d1d5e0c3bfa77b16b3968d2734",
                "sha256:f2457189d8257dd41ae9b434ba33298aec198e30adf2dcdaaa3a28b9994f6adb",
                "sha256:f699ac1c768270c9e384e4cbd268d6e67aebcfae6cd623b4d7c3bfde5a35db59"
            ],
            "markers": "python_version >= '3.7'",
            "version": "==1.9.0"
        },
        "mccabe": {
            "hashes": [
                "sha256:ab8a6258860da4b6677da4bd2fe5dc2c659cff31b3ee4f7f5d64e79735b80d42",
                "sha256:dd8d182285a0fe56bace7f45b5e7d1a6ebcbf524e8f3bd87eb0f125271b8831f"
            ],
            "version": "==0.6.1"
        },
        "mypy-extensions": {
            "hashes": [
                "sha256:4392f6c0eb8a5668a69e23d168ffa70f0be9ccfd32b5cc2d26a34ae5b844552d",
                "sha256:75dbf8955dc00442a438fc4d0666508a9a97b6bd41aa2f0ffe9d2f2725af0782"
            ],
            "markers": "python_version >= '3.5'",
            "version": "==1.0.0"
        },
        "packaging": {
            "hashes": [
                "sha256:714ac14496c3e68c99c29b00845f7a2b85f3bb6f1078fd9f72fd20f0570002b2",
                "sha256:b6ad297f8907de0fa2fe1ccbd26fdaf387f5f47c7275fedf8cce89f99446cf97"
            ],
            "markers": "python_version >= '3.7'",
            "version": "==23.0"
        },
        "pathspec": {
            "hashes": [
                "sha256:2798de800fa92780e33acca925945e9a19a133b715067cf165b8866c15a31687",
                "sha256:d8af70af76652554bd134c22b3e8a1cc46ed7d91edcdd721ef1a0c51a84a5293"
            ],
            "markers": "python_version >= '3.7'",
            "version": "==0.11.1"
        },
        "pluggy": {
            "hashes": [
                "sha256:4224373bacce55f955a878bf9cfa763c1e360858e330072059e10bad68531159",
                "sha256:74134bbf457f031a36d68416e1509f34bd5ccc019f0bcc952c7b909d06b37bd3"
            ],
            "markers": "python_version >= '3.6'",
            "version": "==1.0.0"
        },
        "py": {
            "hashes": [
                "sha256:51c75c4126074b472f746a24399ad32f6053d1b34b68d2fa41e558e6f4a98719",
                "sha256:607c53218732647dff4acdfcd50cb62615cedf612e72d1724fb1a0cc6405b378"
            ],
            "markers": "python_version >= '2.7' and python_version not in '3.0, 3.1, 3.2, 3.3, 3.4'",
            "version": "==1.11.0"
        },
        "pycodestyle": {
            "hashes": [
                "sha256:514f76d918fcc0b55c6680472f0a37970994e07bbb80725808c17089be302068",
                "sha256:c389c1d06bf7904078ca03399a4816f974a1d590090fecea0c63ec26ebaf1cef"
            ],
            "markers": "python_version >= '2.7' and python_version not in '3.0, 3.1, 3.2, 3.3'",
            "version": "==2.7.0"
        },
        "pyflakes": {
            "hashes": [
                "sha256:7893783d01b8a89811dd72d7dfd4d84ff098e5eed95cfa8905b22bbffe52efc3",
                "sha256:f5bc8ecabc05bb9d291eb5203d6810b49040f6ff446a756326104746cc00c1db"
            ],
            "markers": "python_version >= '2.7' and python_version not in '3.0, 3.1, 3.2, 3.3'",
            "version": "==2.3.1"
        },
        "pylint": {
            "hashes": [
                "sha256:0a049c5d47b629d9070c3932d13bff482b12119b6a241a93bc460b0be16953c8",
                "sha256:792b38ff30903884e4a9eab814ee3523731abd3c463f3ba48d7b627e87013484"
            ],
            "index": "pypi",
            "version": "==2.8.3"
        },
        "pytest": {
            "hashes": [
                "sha256:1377bda3466d70b55e3f5cecfa55bb7cfcf219c7964629b967c37cf0bda818b7",
                "sha256:4f365fec2dff9c1162f834d9f18af1ba13062db0c708bf7b946f8a5c76180c39"
            ],
            "index": "pypi",
            "version": "==7.1.3"
        },
        "pytest-asyncio": {
            "hashes": [
                "sha256:2564ceb9612bbd560d19ca4b41347b54e7835c2f792c504f698e05395ed63f6f",
                "sha256:3042bcdf1c5d978f6b74d96a151c4cfb9dcece65006198389ccd7e6c60eb1eea"
            ],
            "index": "pypi",
            "version": "==0.15.1"
        },
        "pytest-cov": {
            "hashes": [
                "sha256:2feb1b751d66a8bd934e5edfa2e961d11309dc37b73b0eabe73b5945fee20f6b",
                "sha256:996b79efde6433cdbd0088872dbc5fb3ed7fe1578b68cdbba634f14bb8dd0470"
            ],
            "index": "pypi",
            "version": "==4.0.0"
        },
        "python-dateutil": {
            "hashes": [
                "sha256:0123cacc1627ae19ddf3c27a5de5bd67ee4586fbdd6440d9748f8abb483d3e86",
                "sha256:961d03dc3453ebbc59dbdea9e4e11c5651520a876d0f4db161e8674aae935da9"
            ],
            "markers": "python_version >= '2.7' and python_version not in '3.0, 3.1, 3.2, 3.3'",
            "version": "==2.8.2"
        },
        "regex": {
            "hashes": [
                "sha256:052b670fafbe30966bbe5d025e90b2a491f85dfe5b2583a163b5e60a85a321ad",
                "sha256:0653d012b3bf45f194e5e6a41df9258811ac8fc395579fa82958a8b76286bea4",
                "sha256:0a069c8483466806ab94ea9068c34b200b8bfc66b6762f45a831c4baaa9e8cdd",
                "sha256:0cf0da36a212978be2c2e2e2d04bdff46f850108fccc1851332bcae51c8907cc",
                "sha256:131d4be09bea7ce2577f9623e415cab287a3c8e0624f778c1d955ec7c281bd4d",
                "sha256:144486e029793a733e43b2e37df16a16df4ceb62102636ff3db6033994711066",
                "sha256:1ddf14031a3882f684b8642cb74eea3af93a2be68893901b2b387c5fd92a03ec",
                "sha256:1eba476b1b242620c266edf6325b443a2e22b633217a9835a52d8da2b5c051f9",
                "sha256:20f61c9944f0be2dc2b75689ba409938c14876c19d02f7585af4460b6a21403e",
                "sha256:22960019a842777a9fa5134c2364efaed5fbf9610ddc5c904bd3a400973b0eb8",
                "sha256:22e7ebc231d28393dfdc19b185d97e14a0f178bedd78e85aad660e93b646604e",
                "sha256:23cbb932cc53a86ebde0fb72e7e645f9a5eec1a5af7aa9ce333e46286caef783",
                "sha256:29c04741b9ae13d1e94cf93fca257730b97ce6ea64cfe1eba11cf9ac4e85afb6",
                "sha256:2bde29cc44fa81c0a0c8686992c3080b37c488df167a371500b2a43ce9f026d1",
                "sha256:2cdc55ca07b4e70dda898d2ab7150ecf17c990076d3acd7a5f3b25cb23a69f1c",
                "sha256:370f6e97d02bf2dd20d7468ce4f38e173a124e769762d00beadec3bc2f4b3bc4",
                "sha256:395161bbdbd04a8333b9ff9763a05e9ceb4fe210e3c7690f5e68cedd3d65d8e1",
                "sha256:44136355e2f5e06bf6b23d337a75386371ba742ffa771440b85bed367c1318d1",
                "sha256:44a6c2f6374e0033873e9ed577a54a3602b4f609867794c1a3ebba65e4c93ee7",
                "sha256:4919899577ba37f505aaebdf6e7dc812d55e8f097331312db7f1aab18767cce8",
                "sha256:4b4b1fe58cd102d75ef0552cf17242705ce0759f9695334a56644ad2d83903fe",
                "sha256:4bdd56ee719a8f751cf5a593476a441c4e56c9b64dc1f0f30902858c4ef8771d",
                "sha256:4bf41b8b0a80708f7e0384519795e80dcb44d7199a35d52c15cc674d10b3081b",
                "sha256:4cac3405d8dda8bc6ed499557625585544dd5cbf32072dcc72b5a176cb1271c8",
                "sha256:4fe7fda2fe7c8890d454f2cbc91d6c01baf206fbc96d89a80241a02985118c0c",
                "sha256:50921c140561d3db2ab9f5b11c5184846cde686bb5a9dc64cae442926e86f3af",
                "sha256:5217c25229b6a85049416a5c1e6451e9060a1edcf988641e309dbe3ab26d3e49",
                "sha256:5352bea8a8f84b89d45ccc503f390a6be77917932b1c98c4cdc3565137acc714",
                "sha256:542e3e306d1669b25936b64917285cdffcd4f5c6f0247636fec037187bd93542",
                "sha256:543883e3496c8b6d58bd036c99486c3c8387c2fc01f7a342b760c1ea3158a318",
                "sha256:586b36ebda81e6c1a9c5a5d0bfdc236399ba6595e1397842fd4a45648c30f35e",
                "sha256:597f899f4ed42a38df7b0e46714880fb4e19a25c2f66e5c908805466721760f5",
                "sha256:5a260758454580f11dd8743fa98319bb046037dfab4f7828008909d0aa5292bc",
                "sha256:5aefb84a301327ad115e9d346c8e2760009131d9d4b4c6b213648d02e2abe144",
                "sha256:5e6a5567078b3eaed93558842346c9d678e116ab0135e22eb72db8325e90b453",
                "sha256:5ff525698de226c0ca743bfa71fc6b378cda2ddcf0d22d7c37b1cc925c9650a5",
                "sha256:61edbca89aa3f5ef7ecac8c23d975fe7261c12665f1d90a6b1af527bba86ce61",
                "sha256:659175b2144d199560d99a8d13b2228b85e6019b6e09e556209dfb8c37b78a11",
                "sha256:6a9a19bea8495bb419dc5d38c4519567781cd8d571c72efc6aa959473d10221a",
                "sha256:6b30bddd61d2a3261f025ad0f9ee2586988c6a00c780a2fb0a92cea2aa702c54",
                "sha256:6ffd55b5aedc6f25fd8d9f905c9376ca44fcf768673ffb9d160dd6f409bfda73",
                "sha256:702d8fc6f25bbf412ee706bd73019da5e44a8400861dfff7ff31eb5b4a1276dc",
                "sha256:74bcab50a13960f2a610cdcd066e25f1fd59e23b69637c92ad470784a51b1347",
                "sha256:75f591b2055523fc02a4bbe598aa867df9e953255f0b7f7715d2a36a9c30065c",
                "sha256:763b64853b0a8f4f9cfb41a76a4a85a9bcda7fdda5cb057016e7706fde928e66",
                "sha256:76c598ca73ec73a2f568e2a72ba46c3b6c8690ad9a07092b18e48ceb936e9f0c",
                "sha256:78d680ef3e4d405f36f0d6d1ea54e740366f061645930072d39bca16a10d8c93",
                "sha256:7b280948d00bd3973c1998f92e22aa3ecb76682e3a4255f33e1020bd32adf443",
                "sha256:7db345956ecce0c99b97b042b4ca7326feeec6b75facd8390af73b18e2650ffc",
                "sha256:7dbdce0c534bbf52274b94768b3498abdf675a691fec5f751b6057b3030f34c1",
                "sha256:7ef6b5942e6bfc5706301a18a62300c60db9af7f6368042227ccb7eeb22d0892",
                "sha256:7f5a3ffc731494f1a57bd91c47dc483a1e10048131ffb52d901bfe2beb6102e8",
                "sha256:8a45b6514861916c429e6059a55cf7db74670eaed2052a648e3e4d04f070e001",
                "sha256:8ad241da7fac963d7573cc67a064c57c58766b62a9a20c452ca1f21050868dfa",
                "sha256:8b0886885f7323beea6f552c28bff62cbe0983b9fbb94126531693ea6c5ebb90",
                "sha256:8ca88da1bd78990b536c4a7765f719803eb4f8f9971cc22d6ca965c10a7f2c4c",
                "sha256:8e0caeff18b96ea90fc0eb6e3bdb2b10ab5b01a95128dfeccb64a7238decf5f0",
                "sha256:957403a978e10fb3ca42572a23e6f7badff39aa1ce2f4ade68ee452dc6807692",
                "sha256:9af69f6746120998cd9c355e9c3c6aec7dff70d47247188feb4f829502be8ab4",
                "sha256:9c94f7cc91ab16b36ba5ce476f1904c91d6c92441f01cd61a8e2729442d6fcf5",
                "sha256:a37d51fa9a00d265cf73f3de3930fa9c41548177ba4f0faf76e61d512c774690",
                "sha256:a3a98921da9a1bf8457aeee6a551948a83601689e5ecdd736894ea9bbec77e83",
                "sha256:a3c1ebd4ed8e76e886507c9eddb1a891673686c813adf889b864a17fafcf6d66",
                "sha256:a5f9505efd574d1e5b4a76ac9dd92a12acb2b309551e9aa874c13c11caefbe4f",
                "sha256:a8ff454ef0bb061e37df03557afda9d785c905dab15584860f982e88be73015f",
                "sha256:a9d0b68ac1743964755ae2d89772c7e6fb0118acd4d0b7464eaf3921c6b49dd4",
                "sha256:aa62a07ac93b7cb6b7d0389d8ef57ffc321d78f60c037b19dfa78d6b17c928ee",
                "sha256:ac741bf78b9bb432e2d314439275235f41656e189856b11fb4e774d9f7246d81",
                "sha256:ae1e96785696b543394a4e3f15f3f225d44f3c55dafe3f206493031419fedf95",
                "sha256:b683e5fd7f74fb66e89a1ed16076dbab3f8e9f34c18b1979ded614fe10cdc4d9",
                "sha256:b7a8b43ee64ca8f4befa2bea4083f7c52c92864d8518244bfa6e88c751fa8fff",
                "sha256:b8e38472739028e5f2c3a4aded0ab7eadc447f0d84f310c7a8bb697ec417229e",
                "sha256:bfff48c7bd23c6e2aec6454aaf6edc44444b229e94743b34bdcdda2e35126cf5",
                "sha256:c14b63c9d7bab795d17392c7c1f9aaabbffd4cf4387725a0ac69109fb3b550c6",
                "sha256:c27cc1e4b197092e50ddbf0118c788d9977f3f8f35bfbbd3e76c1846a3443df7",
                "sha256:c28d3309ebd6d6b2cf82969b5179bed5fefe6142c70f354ece94324fa11bf6a1",
                "sha256:c670f4773f2f6f1957ff8a3962c7dd12e4be54d05839b216cb7fd70b5a1df394",
                "sha256:ce6910b56b700bea7be82c54ddf2e0ed792a577dfaa4a76b9af07d550af435c6",
                "sha256:d0213671691e341f6849bf33cd9fad21f7b1cb88b89e024f33370733fec58742",
                "sha256:d03fe67b2325cb3f09be029fd5da8df9e6974f0cde2c2ac6a79d2634e791dd57",
                "sha256:d0e5af9a9effb88535a472e19169e09ce750c3d442fb222254a276d77808620b",
                "sha256:d243b36fbf3d73c25e48014961e83c19c9cc92530516ce3c43050ea6276a2ab7",
                "sha256:d26166acf62f731f50bdd885b04b38828436d74e8e362bfcb8df221d868b5d9b",
                "sha256:d403d781b0e06d2922435ce3b8d2376579f0c217ae491e273bab8d092727d244",
                "sha256:d8716f82502997b3d0895d1c64c3b834181b1eaca28f3f6336a71777e437c2af",
                "sha256:e4f781ffedd17b0b834c8731b75cce2639d5a8afe961c1e58ee7f1f20b3af185",
                "sha256:e613a98ead2005c4ce037c7b061f2409a1a4e45099edb0ef3200ee26ed2a69a8",
                "sha256:ef4163770525257876f10e8ece1cf25b71468316f61451ded1a6f44273eedeb5"
            ],
            "markers": "python_version >= '3.6'",
            "version": "==2022.10.31"
        },
        "six": {
            "hashes": [
                "sha256:1e61c37477a1626458e36f7b1d82aa5c9b094fa4802892072e49de9c60c4c926",
                "sha256:8abb2f1d86890a2dfb989f9a77cfcfd3e47c2a354b01111771326f8aa26e0254"
            ],
            "markers": "python_version >= '2.7' and python_version not in '3.0, 3.1, 3.2, 3.3'",
            "version": "==1.16.0"
        },
        "toml": {
            "hashes": [
                "sha256:806143ae5bfb6a3c6e736a764057db0e6a0e05e338b5630894a5f779cabb4f9b",
                "sha256:b3bda1d108d5dd99f4a20d24d9c348e91c4db7ab1b749200bded2f839ccbe68f"
            ],
            "markers": "python_version >= '2.6' and python_version not in '3.0, 3.1, 3.2, 3.3'",
            "version": "==0.10.2"
        },
        "tomli": {
            "hashes": [
                "sha256:939de3e7a6161af0c887ef91b7d41a53e7c5a1ca976325f429cb46ea9bc30ecc",
                "sha256:de526c12914f0c550d15924c62d72abc48d6fe7364aa87328337a31007fe8a4f"
            ],
            "markers": "python_version >= '3.7'",
            "version": "==2.0.1"
        },
        "wrapt": {
            "hashes": [
                "sha256:b62ffa81fb85f4332a4f609cab4ac40709470da05643a082ec1eb88e6d9b97d7"
            ],
            "version": "==1.12.1"
        }
    }
}
