{
    "_meta": {
        "hash": {
            "sha256": "181ba77de262ae5888b2ac15b4577ff9a582e3997e2b463bc42c525e2b46fac7"
        },
        "pipfile-spec": 6,
        "requires": {
            "python_version": "3"
        },
        "sources": [
            {
                "name": "pypi",
                "url": "https://pypi.org/simple",
                "verify_ssl": true
            }
        ]
    },
    "default": {
        "asyncio-nats-client": {
            "hashes": [
                "sha256:9ff7e3a386bcb49851062bc9f43c26d6ab9079e22014de946ccec7da570b445f"
            ],
            "index": "pypi",
            "version": "==0.10.0"
        },
        "certifi": {
            "hashes": [
                "sha256:78884e7c1d4b00ce3cea67b44566851c4343c120abd683433ce934a68ea58872",
                "sha256:d62a0163eb4c2344ac042ab2bdf75399a71a2d8c7d47eac2e2ee91b9d6339569"
            ],
            "version": "==2021.10.8"
        },
        "grpcio": {
            "hashes": [
                "sha256:085bbf7fd0070b8d65e84aa32979f17cfe624d27b5ce23955ef770c19d2d9623",
                "sha256:0ae207a47ec0ad66eb1f53a27d566674d13a236c62ced409891335318ea9b8c5",
                "sha256:0c130204ff5de0b9f041bf3126db0d29369d69883592e4b0d3c19868ba0ced7e",
                "sha256:0ef6b380a588c2c6b29c6cfa0ba7f5d367beb33d5504bcc68658fa241ad498d2",
                "sha256:16e1edb367763ea08d0994d4635ec05f4f8db9db59c39304b061097e3b93df43",
                "sha256:16f5523dacae5aaeda4cf900da7e980747f663298c38c18eb4e5317704aa007a",
                "sha256:181b5078cf568f37915b8a118afcef5fc9f3128c59c38998ed93e7dd793e3928",
                "sha256:245564713cb4ac7bccb0f11be63781beb62299a44d8ab69031c859dbd9461728",
                "sha256:271abbe28eb99fa5c70b3f272c0c66b67dab7bb11e1d29d8e616b4e0e099d29a",
                "sha256:2e1b01cba26988c811c7fb91a0bca19c9afb776cc3d228993f08d324bdd0510a",
                "sha256:3366bd6412c1e73acb1ee27d7f0c7d7dbee118ad8d98c957c8173691b2effeec",
                "sha256:3893b39a0a17d857dc3a42fdb02a26aa53a59bfce49987187bcc0261647f1f55",
                "sha256:3c7864d5ae63b787001b01b376f6315aef1a015aa9c809535235ed0ead907919",
                "sha256:42c6716adf3ec1f608b2b56e885f26dd86e80d2fc1617f51fc92d1b0b649e28e",
                "sha256:4bef0756b9e0df78e8d67a5b1e0e89b7daf41525d575f74e1f14a993c55b680d",
                "sha256:4fe081862e58b8fbef0e479aefc9a64f8f17f53074df1085d8c1fe825a6e5df4",
                "sha256:505a8d1b4ac571a51f10c4c995d5d4714f03c886604dc3c097ef5fd57bcfcf0b",
                "sha256:5c2e81b6ab9768c43f2ca1c9a4c925823aad79ae95efb351007df4b92ebce592",
                "sha256:70ff2df0c1795c5cf585a72d95bb458838b40bad5653c314b9067ba819e918f9",
                "sha256:97b5612fc5d4bbf0490a2d80bed5eab5b59112ef1640440c1a9ac824bafa6968",
                "sha256:a35f8f4a0334ed8b05db90383aecef8e49923ab430689a4360a74052f3a89cf4",
                "sha256:aafe85a8210dfa1da3c46831b7f00c3735240b7b028eeba339eaea6ffdb593fb",
                "sha256:c2e53eb253840f05278a8410628419ba7060815f86d48c9d83b6047de21c9956",
                "sha256:c3645887db3309fc87c3db740b977d403fb265ebab292f1f6a926c4661231fd5",
                "sha256:c6565cc92853af13237b2233f331efdad07339d27fe1f5f74256bfde7dc2f587",
                "sha256:cbc322c5d5615e67c2a15be631f64e6c2bab8c12505bc7c150948abdaa0bdbac",
                "sha256:df749ee982ec35ab76d37a1e637b10a92b4573e2b4e1f86a5fa8a1273c40a850",
                "sha256:e9439d7b801c86df13c6cbb4c5a7e181c058f3c119d5e119a94a5f3090a8f060",
                "sha256:f493ac4754717f25ace3614a51dd408a32b8bff3c9c0c85e9356e7e0a120a8c8",
                "sha256:f80d10bdf1a306f7063046321fd4efc7732a606acdd4e6259b8a37349079b704",
                "sha256:f83b0c91796eb42865451a20e82246011078ba067ea0744f7301e12a94ae2e1b"
            ],
            "index": "pypi",
            "version": "==1.28.1"
        },
        "grpcio-tools": {
            "hashes": [
                "sha256:095911bd21dd2dc029b8862b44e65b41341135fd16da60ad9d0df4b8e9a0618e",
                "sha256:17a6b63ee1650abbbc9306f3144d1d3bd3d088a270ca6569afcb68a8cc4a4a38",
                "sha256:27fcab84ea948d965f82c7994903e8e36a20ce4ad7ef55a22c8d7c639e6c8808",
                "sha256:2ffa5f6fbd26ea6c7626bf89d6ef4d64d111000a8bd4e9df69b070093de0f85d",
                "sha256:491dcd98d988c0a4ed9bbb1ec6310588fc0e16b334b64119b973363a1cf96cc1",
                "sha256:493b5a275ff2692942951926a259e396ff13acec72e6d93498638006b1a1bd71",
                "sha256:4c980208c1620e52e86c4037058097673ee8e3bbbec34582f2538e614d0c41f4",
                "sha256:55f3a86c3a808b8a5c2dc8112c45329dd912e43a6fb474da94a7e04d8bb36e1a",
                "sha256:69a60e1c020547668f313b7a81d653f8c820066ab0f6ed979af760905b61d9e1",
                "sha256:6f7806fe53e5979fa10ec49cbd5236cf0e57c8817ce54350bccc8ebceaeb54fb",
                "sha256:8f752fa03eb2d851aac5838aa46a5b831660e9800634fad8ccd46539e9cb4663",
                "sha256:9210b3575fee355a4056cff8ff7212b823371e9fa9ad1467e3c0c5cb006d0d7d",
                "sha256:9b900cf90b293acd48bf258d5e416eae9540b5aa0c75cc2fe68a7e2c5f4834ae",
                "sha256:addc40a47f496cafa108ba1a31838a9832223e0dcafaf424d38e6b8c79fe26ac",
                "sha256:adf089aaf6e21358b12e39d9fa7c28611340d8399a918c0b72ff122ce9b7e0af",
                "sha256:b22172e3ad5e849815f3e35a002fb67c52e83cd3e4299cf45760de4674c7cd04",
                "sha256:b5cf457dcd6499f8c2f2bdcc486d681ca3ee673064484a31c507df6139bf00fe",
                "sha256:b5ee6f089bb040d175e658911760584c7a6cb70fbdcc78bdbe6349475933483b",
                "sha256:bb9b1a05917011e98e5331d129a40a41f49c5652e1b86d5fea9b3f6c98454928",
                "sha256:c527db050fa619a2bd293a73db0e0af42f0bd5a4f41c043fc5da543d81f5fed6",
                "sha256:c9efe6420d2ffaf9aa32d292817ddfc939b9adf28a51cef30984bab02ed35a58",
                "sha256:cb7b54a96f4d9aae5d9c6b644a69ce48c12cfa3558c86ce0a62d9c8a08a83f2e",
                "sha256:d661e5c4f82f9a223b9d1a6c9ec68faea060324e0d25684a6f7fb0b9622ab561",
                "sha256:d6ee6f338e0099976161e78ecf91d2ab9c04be75a944ef29facc93a4aad28e1d",
                "sha256:d89dec894495c51ee0a8dd0c896e4320e95bab179c3faa6a439ef5719486c35e",
                "sha256:dc7ea3739aa6f5abe6e9a27f403b30c7996978176e5884c41ff3d8a153e7c35a",
                "sha256:de10f8b28ef3e8a7f336e02b7c2912713bd41e0931c4fad3a6993d25c8511159",
                "sha256:e05f7bfb63b844b7f9d8b50019b02168fd8982278dc0443986f3504b3cb87d2a",
                "sha256:e942dd349d5be0d5ebbe96ed9cbcfb5fdb0bc7b57357754c42db8083a0ec80aa",
                "sha256:edc01f022a878722ae69bff3faa8c6ec7e967d57b7e8a5f4b2f6100ad903a978",
                "sha256:f61d219d06057e015d662c0b40438f119f58e514a5bebf425058a34d05ff21db"
            ],
            "index": "pypi",
            "version": "==1.28.1"
        },
        "grpclib": {
            "hashes": [
                "sha256:d1e76c56f5b9cf268942b93d1ef2046e3983c35ed3e6b592f02f1d9f0db36a81"
            ],
            "index": "pypi",
            "version": "==0.3.2"
        },
        "h2": {
            "hashes": [
                "sha256:61e0f6601fa709f35cdb730863b4e5ec7ad449792add80d1410d4174ed139af5",
                "sha256:875f41ebd6f2c44781259005b157faed1a5031df3ae5aa7bcb4628a6c0782f14"
            ],
            "index": "pypi",
            "version": "==3.2.0"
        },
        "hpack": {
            "hashes": [
                "sha256:0edd79eda27a53ba5be2dfabf3b15780928a0dff6eb0c60a3d6767720e970c89",
                "sha256:8eec9c1f4bfae3408a3f30500261f7e6a65912dc138526ea054f9ad98892e9d2"
            ],
            "version": "==3.0.0"
        },
        "hyperframe": {
            "hashes": [
                "sha256:5187962cb16dcc078f23cb5a4b110098d546c3f41ff2d4038a9896893bbd0b40",
                "sha256:a9f5c17f2cc3c719b917c4f33ed1c61bd1f8dfac4b1bd23b7c80b3400971b41f"
            ],
            "version": "==5.2.0"
        },
        "influxdb-client": {
            "hashes": [
                "sha256:602c67eec6e5725d4ee2e3c6baf65076acf27ac1b7780141dc23433f3929303c",
                "sha256:f4860579b0012c42610d18e564c1773368f8d64fb55e4d9bc717a8f9bf17f5cd"
            ],
            "index": "pypi",
            "version": "==1.9.0"
        },
        "multidict": {
            "hashes": [
                "sha256:0327292e745a880459ef71be14e709aaea2f783f3537588fb4ed09b6c01bca60",
                "sha256:041b81a5f6b38244b34dc18c7b6aba91f9cdaf854d9a39e5ff0b58e2b5773b9c",
                "sha256:0556a1d4ea2d949efe5fd76a09b4a82e3a4a30700553a6725535098d8d9fb672",
                "sha256:05f6949d6169878a03e607a21e3b862eaf8e356590e8bdae4227eedadacf6e51",
                "sha256:07a017cfa00c9890011628eab2503bee5872f27144936a52eaab449be5eaf032",
                "sha256:0b9e95a740109c6047602f4db4da9949e6c5945cefbad34a1299775ddc9a62e2",
                "sha256:19adcfc2a7197cdc3987044e3f415168fc5dc1f720c932eb1ef4f71a2067e08b",
                "sha256:19d9bad105dfb34eb539c97b132057a4e709919ec4dd883ece5838bcbf262b80",
                "sha256:225383a6603c086e6cef0f2f05564acb4f4d5f019a4e3e983f572b8530f70c88",
                "sha256:23b616fdc3c74c9fe01d76ce0d1ce872d2d396d8fa8e4899398ad64fb5aa214a",
                "sha256:2957489cba47c2539a8eb7ab32ff49101439ccf78eab724c828c1a54ff3ff98d",
                "sha256:2d36e929d7f6a16d4eb11b250719c39560dd70545356365b494249e2186bc389",
                "sha256:2e4a0785b84fb59e43c18a015ffc575ba93f7d1dbd272b4cdad9f5134b8a006c",
                "sha256:3368bf2398b0e0fcbf46d85795adc4c259299fec50c1416d0f77c0a843a3eed9",
                "sha256:373ba9d1d061c76462d74e7de1c0c8e267e9791ee8cfefcf6b0b2495762c370c",
                "sha256:4070613ea2227da2bfb2c35a6041e4371b0af6b0be57f424fe2318b42a748516",
                "sha256:45183c96ddf61bf96d2684d9fbaf6f3564d86b34cb125761f9a0ef9e36c1d55b",
                "sha256:4571f1beddff25f3e925eea34268422622963cd8dc395bb8778eb28418248e43",
                "sha256:47e6a7e923e9cada7c139531feac59448f1f47727a79076c0b1ee80274cd8eee",
                "sha256:47fbeedbf94bed6547d3aa632075d804867a352d86688c04e606971595460227",
                "sha256:497988d6b6ec6ed6f87030ec03280b696ca47dbf0648045e4e1d28b80346560d",
                "sha256:4bae31803d708f6f15fd98be6a6ac0b6958fcf68fda3c77a048a4f9073704aae",
                "sha256:50bd442726e288e884f7be9071016c15a8742eb689a593a0cac49ea093eef0a7",
                "sha256:514fe2b8d750d6cdb4712346a2c5084a80220821a3e91f3f71eec11cf8d28fd4",
                "sha256:5774d9218d77befa7b70d836004a768fb9aa4fdb53c97498f4d8d3f67bb9cfa9",
                "sha256:5fdda29a3c7e76a064f2477c9aab1ba96fd94e02e386f1e665bca1807fc5386f",
                "sha256:5ff3bd75f38e4c43f1f470f2df7a4d430b821c4ce22be384e1459cb57d6bb013",
                "sha256:626fe10ac87851f4cffecee161fc6f8f9853f0f6f1035b59337a51d29ff3b4f9",
                "sha256:6701bf8a5d03a43375909ac91b6980aea74b0f5402fbe9428fc3f6edf5d9677e",
                "sha256:684133b1e1fe91eda8fa7447f137c9490a064c6b7f392aa857bba83a28cfb693",
                "sha256:6f3cdef8a247d1eafa649085812f8a310e728bdf3900ff6c434eafb2d443b23a",
                "sha256:75bdf08716edde767b09e76829db8c1e5ca9d8bb0a8d4bd94ae1eafe3dac5e15",
                "sha256:7c40b7bbece294ae3a87c1bc2abff0ff9beef41d14188cda94ada7bcea99b0fb",
                "sha256:8004dca28e15b86d1b1372515f32eb6f814bdf6f00952699bdeb541691091f96",
                "sha256:8064b7c6f0af936a741ea1efd18690bacfbae4078c0c385d7c3f611d11f0cf87",
                "sha256:89171b2c769e03a953d5969b2f272efa931426355b6c0cb508022976a17fd376",
                "sha256:8cbf0132f3de7cc6c6ce00147cc78e6439ea736cee6bca4f068bcf892b0fd658",
                "sha256:9cc57c68cb9139c7cd6fc39f211b02198e69fb90ce4bc4a094cf5fe0d20fd8b0",
                "sha256:a007b1638e148c3cfb6bf0bdc4f82776cef0ac487191d093cdc316905e504071",
                "sha256:a2c34a93e1d2aa35fbf1485e5010337c72c6791407d03aa5f4eed920343dd360",
                "sha256:a45e1135cb07086833ce969555df39149680e5471c04dfd6a915abd2fc3f6dbc",
                "sha256:ac0e27844758d7177989ce406acc6a83c16ed4524ebc363c1f748cba184d89d3",
                "sha256:aef9cc3d9c7d63d924adac329c33835e0243b5052a6dfcbf7732a921c6e918ba",
                "sha256:b9d153e7f1f9ba0b23ad1568b3b9e17301e23b042c23870f9ee0522dc5cc79e8",
                "sha256:bfba7c6d5d7c9099ba21f84662b037a0ffd4a5e6b26ac07d19e423e6fdf965a9",
                "sha256:c207fff63adcdf5a485969131dc70e4b194327666b7e8a87a97fbc4fd80a53b2",
                "sha256:d0509e469d48940147e1235d994cd849a8f8195e0bca65f8f5439c56e17872a3",
                "sha256:d16cce709ebfadc91278a1c005e3c17dd5f71f5098bfae1035149785ea6e9c68",
                "sha256:d48b8ee1d4068561ce8033d2c344cf5232cb29ee1a0206a7b828c79cbc5982b8",
                "sha256:de989b195c3d636ba000ee4281cd03bb1234635b124bf4cd89eeee9ca8fcb09d",
                "sha256:e07c8e79d6e6fd37b42f3250dba122053fddb319e84b55dd3a8d6446e1a7ee49",
                "sha256:e2c2e459f7050aeb7c1b1276763364884595d47000c1cddb51764c0d8976e608",
                "sha256:e5b20e9599ba74391ca0cfbd7b328fcc20976823ba19bc573983a25b32e92b57",
                "sha256:e875b6086e325bab7e680e4316d667fc0e5e174bb5611eb16b3ea121c8951b86",
                "sha256:f4f052ee022928d34fe1f4d2bc743f32609fb79ed9c49a1710a5ad6b2198db20",
                "sha256:fcb91630817aa8b9bc4a74023e4198480587269c272c58b3279875ed7235c293",
                "sha256:fd9fc9c4849a07f3635ccffa895d57abce554b467d611a5009ba4f39b78a8849",
                "sha256:feba80698173761cddd814fa22e88b0661e98cb810f9f986c54aa34d281e4937",
                "sha256:feea820722e69451743a3d56ad74948b68bf456984d63c1a92e8347b7b88452d"
            ],
            "markers": "python_version >= '3.7'",
            "version": "==6.0.2"
        },
        "protobuf": {
            "hashes": [
                "sha256:013a9ec4dccad9a6ed3aa1ad9e86a25a4e0d6d3bbe059b6f6502db20473c3e69",
                "sha256:0e00b4e4a4800b389ae7f0058e1fc9d012444fdde926569d8cce55c84a01ef74",
                "sha256:11f192d491613f692b3ddc18f06c925785b3019c8e35d32c811421ca9ff7d50e",
                "sha256:25f0ee57684f7bc3f0511b73cf55c016a891d09079c357794759663fe3da9cd3",
                "sha256:2ccc0169b5145b3af676b6997be6fe62961edfc12bb524a7b9c46fb5d208a3d4",
                "sha256:40f031f79b0254aa62082ca87776c0959d85adf99f09cdef9d0b320bb772a609",
                "sha256:44d824adb48fe8baf81e628c2edaf9911912cd592a83621d2b877ccfde631d61",
                "sha256:50f28efa66232a2fbbdd638dd61d9399ff66bcfde40ff305263b229692928081",
                "sha256:51e080fb1de5db54b0a6b1519ba8dda55e57404b0a4948e58f1342a3e15d89ec",
                "sha256:5c2ee13f5ea237a17bd81f52f972b7d334c0a43330d2a2a7b25b07f16eb146d8",
                "sha256:830a9c71df347b3fb3cd24ec985c4ed64f6e75983f543a1d8a3c96302dae915c",
                "sha256:867635c1d541ce336a1a4df3379d1116f02eba6dc326d080c8ef02f34036c415",
                "sha256:94b34486986d7683e83f9d02a0112533263fc20fae54fff3f4fd69451e682ec7",
                "sha256:ae4bcd5a0ce3f77d0523c3e5ed0d04ed2af454f7bf7cef08cb7a8d0915ac80a9",
                "sha256:b04449133e31b65924650d758efbc2397c2d0e5eb3c8cae7428ffc4fa9c3403d",
                "sha256:d892e487bd544463ce1e656434591593f710169335ac3f02ce30ee866c2f2464",
                "sha256:e9f13fadb15b80e4a83ef5d9fa44e19243b1e2d96e84ee2228ca305180ca059e",
                "sha256:ef69a10d45529a08367e70e736b3ce8e2af51360f23650ef1d4381ff9038467a",
                "sha256:f6d10b1f86cebb8008a256f474948fc6204391e02a9c12935eebf036bbb07b65",
                "sha256:fecf1b00ccc87bb8debca8b56458cc57c486d2d7afe22c7526728f79ffe232f4"
            ],
            "index": "pypi",
            "version": "==3.15.0"
        },
        "python-dateutil": {
            "hashes": [
                "sha256:0123cacc1627ae19ddf3c27a5de5bd67ee4586fbdd6440d9748f8abb483d3e86",
                "sha256:961d03dc3453ebbc59dbdea9e4e11c5651520a876d0f4db161e8674aae935da9"
            ],
            "markers": "python_version >= '2.7' and python_version not in '3.0, 3.1, 3.2, 3.3'",
            "version": "==2.8.2"
        },
        "pytz": {
            "hashes": [
                "sha256:3672058bc3453457b622aab7a1c3bfd5ab0bdae451512f6cf25f64ed37f5b87c",
                "sha256:acad2d8b20a1af07d4e4c9d2e9285c5ed9104354062f275f3fcd88dcef4f1326"
            ],
            "version": "==2021.3"
        },
        "rx": {
            "hashes": [
                "sha256:922c5f4edb3aa1beaa47bf61d65d5380011ff6adcd527f26377d05cb73ed8ec8",
                "sha256:b657ca2b45aa485da2f7dcfd09fac2e554f7ac51ff3c2f8f2ff962ecd963d91c"
            ],
            "markers": "python_full_version >= '3.6.0'",
            "version": "==3.2.0"
        },
        "setuptools": {
            "hashes": [
                "sha256:43a5575eea6d3459789316e1596a3d2a0d215260cacf4189508112f35c9a145b",
                "sha256:66b8598da112b8dc8cd941d54cf63ef91d3b50657b374457eda5851f3ff6a899"
            ],
            "markers": "python_version >= '3.7'",
            "version": "==60.8.2"
        },
        "six": {
            "hashes": [
                "sha256:1e61c37477a1626458e36f7b1d82aa5c9b094fa4802892072e49de9c60c4c926",
                "sha256:8abb2f1d86890a2dfb989f9a77cfcfd3e47c2a354b01111771326f8aa26e0254"
            ],
            "markers": "python_version >= '2.7' and python_version not in '3.0, 3.1, 3.2, 3.3'",
            "version": "==1.16.0"
        },
        "urllib3": {
            "hashes": [
                "sha256:000ca7f471a233c2251c6c7023ee85305721bfdf18621ebff4fd17a8653427ed",
                "sha256:0e7c33d9a63e7ddfcb86780aac87befc2fbddf46c58dbb487e0855f7ceec283c"
            ],
            "markers": "python_version >= '2.7' and python_version not in '3.0, 3.1, 3.2, 3.3, 3.4' and python_version < '4'",
            "version": "==1.26.8"
        }
    },
    "develop": {}
}
